
Microsoft Visual Studio Solution File, Format Version 12.00
# Visual Studio Version 16
VisualStudioVersion = 16.0.31515.178
MinimumVisualStudioVersion = 10.0.40219.1
Project("{9A19103F-16F7-4668-BE54-9A1E7A4F7556}") = "Lab_1_1", "Lab_1\Lab_1_1.csproj", "{CE7A8819-C19A-455D-9F0F-474789541839}"
EndProject
Project("{9A19103F-16F7-4668-BE54-9A1E7A4F7556}") = "Lab_1_2", "Lab_1_2\Lab_1_2.csproj", "{9D835135-F156-4F82-8C81-D6A2F66EF41F}"
EndProject
Project("{9A19103F-16F7-4668-BE54-9A1E7A4F7556}") = "Lab_1_3", "Lab_1_3\Lab_1_3.csproj", "{299C7D05-56B3-4E25-8A79-D97E9774C4B7}"
EndProject
Project("{FAE04EC0-301F-11D3-BF4B-00C04F79EFBC}") = "Reference", "Reference\Reference.csproj", "{D8272C75-4A82-4641-AAFC-2AAC27D65B47}"
EndProject
Global
	GlobalSection(SolutionConfigurationPlatforms) = preSolution
		Debug|Any CPU = Debug|Any CPU
		Release|Any CPU = Release|Any CPU
	EndGlobalSection
	GlobalSection(ProjectConfigurationPlatforms) = postSolution
		{CE7A8819-C19A-455D-9F0F-474789541839}.Debug|Any CPU.ActiveCfg = Debug|Any CPU
		{CE7A8819-C19A-455D-9F0F-474789541839}.Debug|Any CPU.Build.0 = Debug|Any CPU
		{CE7A8819-C19A-455D-9F0F-474789541839}.Release|Any CPU.ActiveCfg = Release|Any CPU
		{CE7A8819-C19A-455D-9F0F-474789541839}.Release|Any CPU.Build.0 = Release|Any CPU
		{9D835135-F156-4F82-8C81-D6A2F66EF41F}.Debug|Any CPU.ActiveCfg = Debug|Any CPU
		{9D835135-F156-4F82-8C81-D6A2F66EF41F}.Debug|Any CPU.Build.0 = Debug|Any CPU
		{9D835135-F156-4F82-8C81-D6A2F66EF41F}.Release|Any CPU.ActiveCfg = Release|Any CPU
		{9D835135-F156-4F82-8C81-D6A2F66EF41F}.Release|Any CPU.Build.0 = Release|Any CPU
		{299C7D05-56B3-4E25-8A79-D97E9774C4B7}.Debug|Any CPU.ActiveCfg = Debug|Any CPU
		{299C7D05-56B3-4E25-8A79-D97E9774C4B7}.Debug|Any CPU.Build.0 = Debug|Any CPU
		{299C7D05-56B3-4E25-8A79-D97E9774C4B7}.Release|Any CPU.ActiveCfg = Release|Any CPU
		{299C7D05-56B3-4E25-8A79-D97E9774C4B7}.Release|Any CPU.Build.0 = Release|Any CPU
		{D8272C75-4A82-4641-AAFC-2AAC27D65B47}.Debug|Any CPU.ActiveCfg = Debug|Any CPU
		{D8272C75-4A82-4641-AAFC-2AAC27D65B47}.Debug|Any CPU.Build.0 = Debug|Any CPU
		{D8272C75-4A82-4641-AAFC-2AAC27D65B47}.Release|Any CPU.ActiveCfg = Release|Any CPU
		{D8272C75-4A82-4641-AAFC-2AAC27D65B47}.Release|Any CPU.Build.0 = Release|Any CPU
	EndGlobalSection
	GlobalSection(SolutionProperties) = preSolution
		HideSolutionNode = FALSE
	EndGlobalSection
	GlobalSection(ExtensibilityGlobals) = postSolution
		SolutionGuid = {45D7EAFA-977F-4695-A02A-5BFDD0A3C77A}
	EndGlobalSection
EndGlobal
